
Microsoft Visual Studio Solution File, Format Version 12.00
# Visual Studio Version 16
VisualStudioVersion = 16.0.29709.97
MinimumVisualStudioVersion = 10.0.40219.1
Project("{FAE04EC0-301F-11D3-BF4B-00C04F79EFBC}") = "ERPApp", "ERPApp.csproj", "{6971AEA4-0951-4DA4-B4EB-44DD73A1518F}"
EndProject
Global
	GlobalSection(SolutionConfigurationPlatforms) = preSolution
		Debug|Any CPU = Debug|Any CPU
		Release|Any CPU = Release|Any CPU
	EndGlobalSection
	GlobalSection(ProjectConfigurationPlatforms) = postSolution
		{6971AEA4-0951-4DA4-B4EB-44DD73A1518F}.Debug|Any CPU.ActiveCfg = Debug|Any CPU
		{6971AEA4-0951-4DA4-B4EB-44DD73A1518F}.Debug|Any CPU.Build.0 = Debug|Any CPU
		{6971AEA4-0951-4DA4-B4EB-44DD73A1518F}.Release|Any CPU.ActiveCfg = Release|Any CPU
		{6971AEA4-0951-4DA4-B4EB-44DD73A1518F}.Release|Any CPU.Build.0 = Release|Any CPU
	EndGlobalSection
	GlobalSection(SolutionProperties) = preSolution
		HideSolutionNode = FALSE
	EndGlobalSection
	GlobalSection(ExtensibilityGlobals) = postSolution
		SolutionGuid = {48ADB58C-E36E-40E3-A3FF-FC0CDDB50AF7}
	EndGlobalSection
EndGlobal
